
Microsoft Visual Studio Solution File, Format Version 12.00
# Visual Studio Version 16
VisualStudioVersion = 16.0.28803.452
MinimumVisualStudioVersion = 10.0.40219.1
Project("{FAE04EC0-301F-11D3-BF4B-00C04F79EFBC}") = "MessagesManager", "MessagesManager\MessagesManager.csproj", "{B13CB291-37D6-4B6F-B013-8A98313624A1}"
EndProject
Project("{FAE04EC0-301F-11D3-BF4B-00C04F79EFBC}") = "MessagesManager.Data", "MessagesManager.Data\MessagesManager.Data.csproj", "{5591E0B3-DD2B-43E8-8484-D556711DC940}"
EndProject
Project("{FAE04EC0-301F-11D3-BF4B-00C04F79EFBC}") = "MessagesManager.Api", "MessagesManager.Api\MessagesManager.Api.csproj", "{69A04706-B2F5-4A0B-818E-8AD680FACD65}"
EndProject
Global
	GlobalSection(SolutionConfigurationPlatforms) = preSolution
		Debug|Any CPU = Debug|Any CPU
		Release|Any CPU = Release|Any CPU
	EndGlobalSection
	GlobalSection(ProjectConfigurationPlatforms) = postSolution
		{B13CB291-37D6-4B6F-B013-8A98313624A1}.Debug|Any CPU.ActiveCfg = Debug|Any CPU
		{B13CB291-37D6-4B6F-B013-8A98313624A1}.Debug|Any CPU.Build.0 = Debug|Any CPU
		{B13CB291-37D6-4B6F-B013-8A98313624A1}.Release|Any CPU.ActiveCfg = Release|Any CPU
		{B13CB291-37D6-4B6F-B013-8A98313624A1}.Release|Any CPU.Build.0 = Release|Any CPU
		{5591E0B3-DD2B-43E8-8484-D556711DC940}.Debug|Any CPU.ActiveCfg = Debug|Any CPU
		{5591E0B3-DD2B-43E8-8484-D556711DC940}.Debug|Any CPU.Build.0 = Debug|Any CPU
		{5591E0B3-DD2B-43E8-8484-D556711DC940}.Release|Any CPU.ActiveCfg = Release|Any CPU
		{5591E0B3-DD2B-43E8-8484-D556711DC940}.Release|Any CPU.Build.0 = Release|Any CPU
		{69A04706-B2F5-4A0B-818E-8AD680FACD65}.Debug|Any CPU.ActiveCfg = Debug|Any CPU
		{69A04706-B2F5-4A0B-818E-8AD680FACD65}.Debug|Any CPU.Build.0 = Debug|Any CPU
		{69A04706-B2F5-4A0B-818E-8AD680FACD65}.Release|Any CPU.ActiveCfg = Release|Any CPU
		{69A04706-B2F5-4A0B-818E-8AD680FACD65}.Release|Any CPU.Build.0 = Release|Any CPU
	EndGlobalSection
	GlobalSection(SolutionProperties) = preSolution
		HideSolutionNode = FALSE
	EndGlobalSection
	GlobalSection(ExtensibilityGlobals) = postSolution
		SolutionGuid = {799F97EE-7A9F-4E28-B2B6-53B50AD0DD2E}
	EndGlobalSection
EndGlobal
